
Microsoft Visual Studio Solution File, Format Version 12.00
# Visual Studio Version 16
VisualStudioVersion = 16.0.34407.143
MinimumVisualStudioVersion = 10.0.40219.1
Project("{8BC9CEB8-8B4A-11D0-8D11-00A0C91BC942}") = "lab4cpp", "lab4cpp\lab4cpp.vcxproj", "{1729835C-314B-4132-8AFB-A4B81BB2F3A0}"
EndProject
Global
	GlobalSection(SolutionConfigurationPlatforms) = preSolution
		Debug|x64 = Debug|x64
		Debug|x86 = Debug|x86
		Release|x64 = Release|x64
		Release|x86 = Release|x86
	EndGlobalSection
	GlobalSection(ProjectConfigurationPlatforms) = postSolution
		{1729835C-314B-4132-8AFB-A4B81BB2F3A0}.Debug|x64.ActiveCfg = Debug|x64
		{1729835C-314B-4132-8AFB-A4B81BB2F3A0}.Debug|x64.Build.0 = Debug|x64
		{1729835C-314B-4132-8AFB-A4B81BB2F3A0}.Debug|x86.ActiveCfg = Debug|Win32
		{1729835C-314B-4132-8AFB-A4B81BB2F3A0}.Debug|x86.Build.0 = Debug|Win32
		{1729835C-314B-4132-8AFB-A4B81BB2F3A0}.Release|x64.ActiveCfg = Release|x64
		{1729835C-314B-4132-8AFB-A4B81BB2F3A0}.Release|x64.Build.0 = Release|x64
		{1729835C-314B-4132-8AFB-A4B81BB2F3A0}.Release|x86.ActiveCfg = Release|Win32
		{1729835C-314B-4132-8AFB-A4B81BB2F3A0}.Release|x86.Build.0 = Release|Win32
	EndGlobalSection
	GlobalSection(SolutionProperties) = preSolution
		HideSolutionNode = FALSE
	EndGlobalSection
	GlobalSection(ExtensibilityGlobals) = postSolution
		SolutionGuid = {73F79E2A-1EC5-49D1-85E4-9133AA2A3038}
	EndGlobalSection
EndGlobal
